<Solution Description="Visual Studio slnx file generated by Premake" Version="1.4">
  <Configurations>
    <BuildType Name="Debug" />
    <BuildType Name="Develop" />
    <BuildType Name="Release" />
    <Platform Name="x64" />
  </Configurations>
  <Project Path="Engine\Externals\DirectXTex\DirectXTex.vcxproj" Id="A90EE592-95C6-26E0-FECD-FF3BEAA4C1D0">
    <BuildType Solution="Develop|*" Project="Release" />
  </Project>
  <Project Path="Engine\EngineScript\EngineScript.csproj" Id="F0F63AEB-DC59-CA8F-85DF-024671219612">
  </Project>
  <Project Path="Engine\Externals\imgui\imgui.vcxproj" Id="0098A80F-6CAC-D0C0-352E-7420A101CDF1">
    <BuildType Solution="Develop|*" Project="Release" />
  </Project>
  <Project Path="Sandbox.vcxproj" Id="F4C124E3-60A1-A37E-69B9-2E55D5170AE0" DefaultStartup="true">
    <BuildDependency Project="Script\Script.csproj" />
    <BuildDependency Project="Engine\SxavengerEngine.vcxproj" />
  </Project>
  <Project Path="Script\Script.csproj" Id="9AFBBAD0-869D-E5A6-6F58-F9FA5B996CF7">
  </Project>
  <Project Path="Engine\SxavengerEngine.vcxproj" Id="0E942451-7A1F-9215-8330-150AEF3AEE15">
    <BuildDependency Project="Engine\Externals\DirectXTex\DirectXTex.vcxproj" />
    <BuildDependency Project="Engine\Externals\imgui\imgui.vcxproj" />
    <BuildDependency Project="Engine\EngineScript\EngineScript.csproj" />
  </Project>
</Solution>